{
  "requires": true,
  "lockfileVersion": 1,
  "dependencies": {
    "type": {
      "version": "2.1.0",
      "resolved": "https://registry.npmjs.org/type/-/type-2.1.0.tgz",
      "integrity": "sha512-G9absDWvhAWCV2gmF1zKud3OyC61nZDwWvBL2DApaVFogI07CprggiQAOOjvp2NRjYWFzPyu7vwtDrQFq8jeSA=="
    }
  }
}
